
Microsoft Visual Studio Solution File, Format Version 12.00
# Visual Studio Version 17
VisualStudioVersion = 17.11.35327.3
MinimumVisualStudioVersion = 10.0.40219.1
Project("{FAE04EC0-301F-11D3-BF4B-00C04F79EFBC}") = "User List IO GUI", "User List IO GUI\User List IO GUI.csproj", "{BD9A2116-B476-4AF0-979B-BC89785C17FA}"
EndProject
Global
	GlobalSection(SolutionConfigurationPlatforms) = preSolution
		Debug|Any CPU = Debug|Any CPU
		Release|Any CPU = Release|Any CPU
	EndGlobalSection
	GlobalSection(ProjectConfigurationPlatforms) = postSolution
		{BD9A2116-B476-4AF0-979B-BC89785C17FA}.Debug|Any CPU.ActiveCfg = Debug|Any CPU
		{BD9A2116-B476-4AF0-979B-BC89785C17FA}.Debug|Any CPU.Build.0 = Debug|Any CPU
		{BD9A2116-B476-4AF0-979B-BC89785C17FA}.Release|Any CPU.ActiveCfg = Release|Any CPU
		{BD9A2116-B476-4AF0-979B-BC89785C17FA}.Release|Any CPU.Build.0 = Release|Any CPU
	EndGlobalSection
	GlobalSection(SolutionProperties) = preSolution
		HideSolutionNode = FALSE
	EndGlobalSection
	GlobalSection(ExtensibilityGlobals) = postSolution
		SolutionGuid = {EA283DC9-0445-4425-9DB8-AD7B91E9B389}
	EndGlobalSection
EndGlobal
